{"1.1.0",
[{<<"erlydtl">>,{pkg,<<"erlydtl">>,<<"0.12.1">>},0},
 {<<"markdown">>,
  {git,"https://github.com/erlware/erlmarkdown.git",
       {ref,"8ef862ebf85380a8aedfdd66cdaa26db87a8bc3f"}},
  0},
 {<<"mochiweb">>,{pkg,<<"mochiweb">>,<<"2.18.0">>},0}]}.
[
{pkg_hash,[
 {<<"erlydtl">>, <<"3FDE3190D30340B10CFCFDB4135A828761D468DB4E4B34817C6B91D295F3142D">>},
 {<<"mochiweb">>, <<"EB55F1DB3E6E960FAC4E6DB4E2DB9EC3602CC9F30B86CD1481D56545C3145D2E">>}]}
].
