[{<<"merl">>,
  {git,"git://github.com/erlydtl/merl.git",
       {ref,"750b09d44425f435ff579a4d28bf5844bb5b4ef1"}},
  1},
 {<<"eunit_formatters">>,
  {git,"git://github.com/seancribbs/eunit_formatters",
       {ref,"2c73eb6e46b0863f19507857b386a48a53aaf141"}},
  1},
 {<<"mochiweb">>,
  {git,"git://github.com/mochi/mochiweb.git",
       {ref,"b66b68d95c9e1b2a32b194202e870e6d1e232eb7"}},
  0},
 {<<"markdown">>,
  {git,"https://github.com/erlware/erlmarkdown.git",
       {ref,"22298f62b973d1aa1c344c1b23a22ce66fad1659"}},
  0},
 {<<"erlydtl">>,
  {git,"git://github.com/evanmiller/erlydtl.git",
       {ref,"de00ccf522be8d3f9b0dcb7cd680f83b4fb7267a"}},
  0}].
